
Microsoft Visual Studio Solution File, Format Version 12.00
# Visual Studio Version 16
VisualStudioVersion = 16.0.31729.503
MinimumVisualStudioVersion = 10.0.40219.1
Project("{FAE04EC0-301F-11D3-BF4B-00C04F79EFBC}") = "Tic Tac Toe_OOP", "Tic Tac Toe_OOP\Tic Tac Toe_OOP.csproj", "{C8C60585-A174-4614-B174-3C4234DCE2C9}"
EndProject
Global
	GlobalSection(SolutionConfigurationPlatforms) = preSolution
		Debug|Any CPU = Debug|Any CPU
		Release|Any CPU = Release|Any CPU
	EndGlobalSection
	GlobalSection(ProjectConfigurationPlatforms) = postSolution
		{C8C60585-A174-4614-B174-3C4234DCE2C9}.Debug|Any CPU.ActiveCfg = Debug|Any CPU
		{C8C60585-A174-4614-B174-3C4234DCE2C9}.Debug|Any CPU.Build.0 = Debug|Any CPU
		{C8C60585-A174-4614-B174-3C4234DCE2C9}.Release|Any CPU.ActiveCfg = Release|Any CPU
		{C8C60585-A174-4614-B174-3C4234DCE2C9}.Release|Any CPU.Build.0 = Release|Any CPU
	EndGlobalSection
	GlobalSection(SolutionProperties) = preSolution
		HideSolutionNode = FALSE
	EndGlobalSection
	GlobalSection(ExtensibilityGlobals) = postSolution
		SolutionGuid = {4D2BC7DD-584F-4BA4-B114-073F4BA1056F}
	EndGlobalSection
EndGlobal
